# This file is autogenerated, do not edit; changes may be undone by the next 'dep ensure'.


[[projects]]
  branch = "master"
  name = "github.com/jmoiron/sqlx"
  packages = [".","reflectx"]
  revision = "d9bd385d68c068f1fabb5057e3dedcbcbb039d0f"

[[projects]]
  branch = "master"
  name = "github.com/lib/pq"
  packages = [".","oid"]
  revision = "dd1fe2071026ce53f36a39112e645b4d4f5793a4"

[[projects]]
  branch = "master"
  name = "github.com/ralreegorganon/nmeaais"
  packages = ["."]
  revision = "ef787dd5b60d4ed833fc516ae7557692b1e6caa4"

[solve-meta]
  analyzer-name = "dep"
  analyzer-version = 1
  inputs-digest = "a9478e456b455c35ef6ef5882e77f5c9e40db8c3404e9c2fa067f0dcbd328f4b"
  solver-name = "gps-cdcl"
  solver-version = 1
